
Microsoft Visual Studio Solution File, Format Version 12.00
# Visual Studio Version 16
VisualStudioVersion = 16.0.31313.79
MinimumVisualStudioVersion = 10.0.40219.1
Project("{9A19103F-16F7-4668-BE54-9A1E7A4F7556}") = "RSA", "RSA.csproj", "{9FA1D0E0-122D-45C2-AA5F-53AE67579C68}"
EndProject
Global
	GlobalSection(SolutionConfigurationPlatforms) = preSolution
		Debug|Any CPU = Debug|Any CPU
		Release|Any CPU = Release|Any CPU
	EndGlobalSection
	GlobalSection(ProjectConfigurationPlatforms) = postSolution
		{9FA1D0E0-122D-45C2-AA5F-53AE67579C68}.Debug|Any CPU.ActiveCfg = Debug|Any CPU
		{9FA1D0E0-122D-45C2-AA5F-53AE67579C68}.Debug|Any CPU.Build.0 = Debug|Any CPU
		{9FA1D0E0-122D-45C2-AA5F-53AE67579C68}.Release|Any CPU.ActiveCfg = Release|Any CPU
		{9FA1D0E0-122D-45C2-AA5F-53AE67579C68}.Release|Any CPU.Build.0 = Release|Any CPU
	EndGlobalSection
	GlobalSection(SolutionProperties) = preSolution
		HideSolutionNode = FALSE
	EndGlobalSection
	GlobalSection(ExtensibilityGlobals) = postSolution
		SolutionGuid = {81BCD0F4-7E99-446B-9BC9-961D5244BBFD}
	EndGlobalSection
EndGlobal
